
Microsoft Visual Studio Solution File, Format Version 12.00
# Visual Studio Version 16
VisualStudioVersion = 16.0.32929.386
MinimumVisualStudioVersion = 10.0.40219.1
Project("{FAE04EC0-301F-11D3-BF4B-00C04F79EFBC}") = "FrameControl", "FrameControl\FrameControl.csproj", "{F91D1FD3-5688-42B5-95B9-E0B0D17F4321}"
EndProject
Project("{FAE04EC0-301F-11D3-BF4B-00C04F79EFBC}") = "FrameControl.Core", "FrameControl.Core\FrameControl.Core.csproj", "{003C6021-D083-4600-98A2-4854ABA2EDFF}"
EndProject
Global
	GlobalSection(SolutionConfigurationPlatforms) = preSolution
		Debug|Any CPU = Debug|Any CPU
		Release|Any CPU = Release|Any CPU
	EndGlobalSection
	GlobalSection(ProjectConfigurationPlatforms) = postSolution
		{F91D1FD3-5688-42B5-95B9-E0B0D17F4321}.Debug|Any CPU.ActiveCfg = Debug|Any CPU
		{F91D1FD3-5688-42B5-95B9-E0B0D17F4321}.Debug|Any CPU.Build.0 = Debug|Any CPU
		{F91D1FD3-5688-42B5-95B9-E0B0D17F4321}.Release|Any CPU.ActiveCfg = Release|Any CPU
		{F91D1FD3-5688-42B5-95B9-E0B0D17F4321}.Release|Any CPU.Build.0 = Release|Any CPU
		{003C6021-D083-4600-98A2-4854ABA2EDFF}.Debug|Any CPU.ActiveCfg = Debug|Any CPU
		{003C6021-D083-4600-98A2-4854ABA2EDFF}.Debug|Any CPU.Build.0 = Debug|Any CPU
		{003C6021-D083-4600-98A2-4854ABA2EDFF}.Release|Any CPU.ActiveCfg = Release|Any CPU
		{003C6021-D083-4600-98A2-4854ABA2EDFF}.Release|Any CPU.Build.0 = Release|Any CPU
	EndGlobalSection
	GlobalSection(SolutionProperties) = preSolution
		HideSolutionNode = FALSE
	EndGlobalSection
	GlobalSection(ExtensibilityGlobals) = postSolution
		SolutionGuid = {BAD01A00-FA62-401C-9479-632F64EF907E}
	EndGlobalSection
EndGlobal
